
Microsoft Visual Studio Solution File, Format Version 12.00
# Visual Studio Version 17
VisualStudioVersion = 17.8.34511.84
MinimumVisualStudioVersion = 10.0.40219.1
Project("{9A19103F-16F7-4668-BE54-9A1E7A4F7556}") = "Sirbu_Iulia_Lab2", "Sirbu_Iulia_Lab2.csproj", "{767A12BA-AB1C-49C0-8F3D-DA5210C16C31}"
EndProject
Project("{9A19103F-16F7-4668-BE54-9A1E7A4F7556}") = "LibraryModel", "..\LibraryModel\LibraryModel.csproj", "{DBBCB5FC-E12F-4BC1-A606-D2A3918BEAC1}"
EndProject
Project("{9A19103F-16F7-4668-BE54-9A1E7A4F7556}") = "LibraryWebAPI", "..\LibraryWebAPI\LibraryWebAPI.csproj", "{92B1A904-0973-412D-B8A8-115ACEFBA9AA}"
EndProject
Project("{FAE04EC0-301F-11D3-BF4B-00C04F79EFBC}") = "GrpcCustomersService", "..\GrpcCustomersService\GrpcCustomersService.csproj", "{58C8637F-8779-48C7-B9A1-3985685904FA}"
EndProject
Global
	GlobalSection(SolutionConfigurationPlatforms) = preSolution
		Debug|Any CPU = Debug|Any CPU
		Release|Any CPU = Release|Any CPU
	EndGlobalSection
	GlobalSection(ProjectConfigurationPlatforms) = postSolution
		{767A12BA-AB1C-49C0-8F3D-DA5210C16C31}.Debug|Any CPU.ActiveCfg = Debug|Any CPU
		{767A12BA-AB1C-49C0-8F3D-DA5210C16C31}.Debug|Any CPU.Build.0 = Debug|Any CPU
		{767A12BA-AB1C-49C0-8F3D-DA5210C16C31}.Release|Any CPU.ActiveCfg = Release|Any CPU
		{767A12BA-AB1C-49C0-8F3D-DA5210C16C31}.Release|Any CPU.Build.0 = Release|Any CPU
		{DBBCB5FC-E12F-4BC1-A606-D2A3918BEAC1}.Debug|Any CPU.ActiveCfg = Debug|Any CPU
		{DBBCB5FC-E12F-4BC1-A606-D2A3918BEAC1}.Debug|Any CPU.Build.0 = Debug|Any CPU
		{DBBCB5FC-E12F-4BC1-A606-D2A3918BEAC1}.Release|Any CPU.ActiveCfg = Release|Any CPU
		{DBBCB5FC-E12F-4BC1-A606-D2A3918BEAC1}.Release|Any CPU.Build.0 = Release|Any CPU
		{92B1A904-0973-412D-B8A8-115ACEFBA9AA}.Debug|Any CPU.ActiveCfg = Debug|Any CPU
		{92B1A904-0973-412D-B8A8-115ACEFBA9AA}.Debug|Any CPU.Build.0 = Debug|Any CPU
		{92B1A904-0973-412D-B8A8-115ACEFBA9AA}.Release|Any CPU.ActiveCfg = Release|Any CPU
		{92B1A904-0973-412D-B8A8-115ACEFBA9AA}.Release|Any CPU.Build.0 = Release|Any CPU
		{58C8637F-8779-48C7-B9A1-3985685904FA}.Debug|Any CPU.ActiveCfg = Debug|Any CPU
		{58C8637F-8779-48C7-B9A1-3985685904FA}.Debug|Any CPU.Build.0 = Debug|Any CPU
		{58C8637F-8779-48C7-B9A1-3985685904FA}.Release|Any CPU.ActiveCfg = Release|Any CPU
		{58C8637F-8779-48C7-B9A1-3985685904FA}.Release|Any CPU.Build.0 = Release|Any CPU
	EndGlobalSection
	GlobalSection(SolutionProperties) = preSolution
		HideSolutionNode = FALSE
	EndGlobalSection
	GlobalSection(ExtensibilityGlobals) = postSolution
		SolutionGuid = {1A756056-DD12-4026-A70F-CCFAFFF33181}
	EndGlobalSection
EndGlobal
